
Microsoft Visual Studio Solution File, Format Version 9.00
# Visual Studio 2005
Project("{FAE04EC0-301F-11D3-BF4B-00C04F79EFBC}") = "MyIIS7Project", "MyIIS7Project\MyIIS7Project.csproj", "{72E59B97-AE34-4AE2-86BF-9549DABA8C19}"
EndProject
Global
	GlobalSection(SolutionConfigurationPlatforms) = preSolution
		Debug|Any CPU = Debug|Any CPU
		Release|Any CPU = Release|Any CPU
	EndGlobalSection
	GlobalSection(ProjectConfigurationPlatforms) = postSolution
		{72E59B97-AE34-4AE2-86BF-9549DABA8C19}.Debug|Any CPU.ActiveCfg = Debug|Any CPU
		{72E59B97-AE34-4AE2-86BF-9549DABA8C19}.Debug|Any CPU.Build.0 = Debug|Any CPU
		{72E59B97-AE34-4AE2-86BF-9549DABA8C19}.Release|Any CPU.ActiveCfg = Release|Any CPU
		{72E59B97-AE34-4AE2-86BF-9549DABA8C19}.Release|Any CPU.Build.0 = Release|Any CPU
	EndGlobalSection
	GlobalSection(SolutionProperties) = preSolution
		HideSolutionNode = FALSE
	EndGlobalSection
EndGlobal
